
Microsoft Visual Studio Solution File, Format Version 12.00
# Visual Studio Version 17
VisualStudioVersion = 17.0.31903.59
MinimumVisualStudioVersion = 10.0.40219.1
Project("{FAE04EC0-301F-11D3-BF4B-00C04F79EFBC}") = "TravelEase.API", "TravelEase.API\TravelEase.API.csproj", "{848F6B1D-2809-4D29-9A50-99961D473449}"
EndProject
Project("{FAE04EC0-301F-11D3-BF4B-00C04F79EFBC}") = "TravelEase.Application", "TravelEase.Application\TravelEase.Application.csproj", "{0FCFCD61-B401-49FA-8097-692E670D3D2F}"
EndProject
Project("{FAE04EC0-301F-11D3-BF4B-00C04F79EFBC}") = "TravelEase.Domain", "TravelEase.Domain\TravelEase.Domain.csproj", "{D5E23548-BE0E-4339-BB64-B75851C93320}"
EndProject
Project("{FAE04EC0-301F-11D3-BF4B-00C04F79EFBC}") = "TravelEase.Infrastructure", "TravelEase.Infrastructure\TravelEase.Infrastructure.csproj", "{68235937-F1D2-4CBE-8001-084346F6C156}"
EndProject
Global
	GlobalSection(SolutionConfigurationPlatforms) = preSolution
		Debug|Any CPU = Debug|Any CPU
		Debug|x64 = Debug|x64
		Debug|x86 = Debug|x86
		Release|Any CPU = Release|Any CPU
		Release|x64 = Release|x64
		Release|x86 = Release|x86
	EndGlobalSection
	GlobalSection(ProjectConfigurationPlatforms) = postSolution
		{848F6B1D-2809-4D29-9A50-99961D473449}.Debug|Any CPU.ActiveCfg = Debug|Any CPU
		{848F6B1D-2809-4D29-9A50-99961D473449}.Debug|Any CPU.Build.0 = Debug|Any CPU
		{848F6B1D-2809-4D29-9A50-99961D473449}.Debug|x64.ActiveCfg = Debug|Any CPU
		{848F6B1D-2809-4D29-9A50-99961D473449}.Debug|x64.Build.0 = Debug|Any CPU
		{848F6B1D-2809-4D29-9A50-99961D473449}.Debug|x86.ActiveCfg = Debug|Any CPU
		{848F6B1D-2809-4D29-9A50-99961D473449}.Debug|x86.Build.0 = Debug|Any CPU
		{848F6B1D-2809-4D29-9A50-99961D473449}.Release|Any CPU.ActiveCfg = Release|Any CPU
		{848F6B1D-2809-4D29-9A50-99961D473449}.Release|Any CPU.Build.0 = Release|Any CPU
		{848F6B1D-2809-4D29-9A50-99961D473449}.Release|x64.ActiveCfg = Release|Any CPU
		{848F6B1D-2809-4D29-9A50-99961D473449}.Release|x64.Build.0 = Release|Any CPU
		{848F6B1D-2809-4D29-9A50-99961D473449}.Release|x86.ActiveCfg = Release|Any CPU
		{848F6B1D-2809-4D29-9A50-99961D473449}.Release|x86.Build.0 = Release|Any CPU
		{0FCFCD61-B401-49FA-8097-692E670D3D2F}.Debug|Any CPU.ActiveCfg = Debug|Any CPU
		{0FCFCD61-B401-49FA-8097-692E670D3D2F}.Debug|Any CPU.Build.0 = Debug|Any CPU
		{0FCFCD61-B401-49FA-8097-692E670D3D2F}.Debug|x64.ActiveCfg = Debug|Any CPU
		{0FCFCD61-B401-49FA-8097-692E670D3D2F}.Debug|x64.Build.0 = Debug|Any CPU
		{0FCFCD61-B401-49FA-8097-692E670D3D2F}.Debug|x86.ActiveCfg = Debug|Any CPU
		{0FCFCD61-B401-49FA-8097-692E670D3D2F}.Debug|x86.Build.0 = Debug|Any CPU
		{0FCFCD61-B401-49FA-8097-692E670D3D2F}.Release|Any CPU.ActiveCfg = Release|Any CPU
		{0FCFCD61-B401-49FA-8097-692E670D3D2F}.Release|Any CPU.Build.0 = Release|Any CPU
		{0FCFCD61-B401-49FA-8097-692E670D3D2F}.Release|x64.ActiveCfg = Release|Any CPU
		{0FCFCD61-B401-49FA-8097-692E670D3D2F}.Release|x64.Build.0 = Release|Any CPU
		{0FCFCD61-B401-49FA-8097-692E670D3D2F}.Release|x86.ActiveCfg = Release|Any CPU
		{0FCFCD61-B401-49FA-8097-692E670D3D2F}.Release|x86.Build.0 = Release|Any CPU
		{D5E23548-BE0E-4339-BB64-B75851C93320}.Debug|Any CPU.ActiveCfg = Debug|Any CPU
		{D5E23548-BE0E-4339-BB64-B75851C93320}.Debug|Any CPU.Build.0 = Debug|Any CPU
		{D5E23548-BE0E-4339-BB64-B75851C93320}.Debug|x64.ActiveCfg = Debug|Any CPU
		{D5E23548-BE0E-4339-BB64-B75851C93320}.Debug|x64.Build.0 = Debug|Any CPU
		{D5E23548-BE0E-4339-BB64-B75851C93320}.Debug|x86.ActiveCfg = Debug|Any CPU
		{D5E23548-BE0E-4339-BB64-B75851C93320}.Debug|x86.Build.0 = Debug|Any CPU
		{D5E23548-BE0E-4339-BB64-B75851C93320}.Release|Any CPU.ActiveCfg = Release|Any CPU
		{D5E23548-BE0E-4339-BB64-B75851C93320}.Release|Any CPU.Build.0 = Release|Any CPU
		{D5E23548-BE0E-4339-BB64-B75851C93320}.Release|x64.ActiveCfg = Release|Any CPU
		{D5E23548-BE0E-4339-BB64-B75851C93320}.Release|x64.Build.0 = Release|Any CPU
		{D5E23548-BE0E-4339-BB64-B75851C93320}.Release|x86.ActiveCfg = Release|Any CPU
		{D5E23548-BE0E-4339-BB64-B75851C93320}.Release|x86.Build.0 = Release|Any CPU
		{68235937-F1D2-4CBE-8001-084346F6C156}.Debug|Any CPU.ActiveCfg = Debug|Any CPU
		{68235937-F1D2-4CBE-8001-084346F6C156}.Debug|Any CPU.Build.0 = Debug|Any CPU
		{68235937-F1D2-4CBE-8001-084346F6C156}.Debug|x64.ActiveCfg = Debug|Any CPU
		{68235937-F1D2-4CBE-8001-084346F6C156}.Debug|x64.Build.0 = Debug|Any CPU
		{68235937-F1D2-4CBE-8001-084346F6C156}.Debug|x86.ActiveCfg = Debug|Any CPU
		{68235937-F1D2-4CBE-8001-084346F6C156}.Debug|x86.Build.0 = Debug|Any CPU
		{68235937-F1D2-4CBE-8001-084346F6C156}.Release|Any CPU.ActiveCfg = Release|Any CPU
		{68235937-F1D2-4CBE-8001-084346F6C156}.Release|Any CPU.Build.0 = Release|Any CPU
		{68235937-F1D2-4CBE-8001-084346F6C156}.Release|x64.ActiveCfg = Release|Any CPU
		{68235937-F1D2-4CBE-8001-084346F6C156}.Release|x64.Build.0 = Release|Any CPU
		{68235937-F1D2-4CBE-8001-084346F6C156}.Release|x86.ActiveCfg = Release|Any CPU
		{68235937-F1D2-4CBE-8001-084346F6C156}.Release|x86.Build.0 = Release|Any CPU
	EndGlobalSection
	GlobalSection(SolutionProperties) = preSolution
		HideSolutionNode = FALSE
	EndGlobalSection
EndGlobal
